
Microsoft Visual Studio Solution File, Format Version 12.00
# Visual Studio Version 16
VisualStudioVersion = 16.0.29403.142
MinimumVisualStudioVersion = 10.0.40219.1
Project("{FAE04EC0-301F-11D3-BF4B-00C04F79EFBC}") = "MarketPlace.Entities", "MarketPlace.Entities\MarketPlace.Entities.csproj", "{933F94AC-DBDD-47A3-9645-A130194134C3}"
EndProject
Project("{FAE04EC0-301F-11D3-BF4B-00C04F79EFBC}") = "MarketPlace.Web", "MarketPlace.Web\MarketPlace.Web.csproj", "{A3C64C00-D82A-471D-B7C2-331AA0CD2185}"
EndProject
Project("{FAE04EC0-301F-11D3-BF4B-00C04F79EFBC}") = "MarketPlace.Repositories", "MarketPlace.Repositories\MarketPlace.Repositories.csproj", "{6CFB94CA-E02A-48D1-ADCE-EB1DADE46763}"
EndProject
Project("{FAE04EC0-301F-11D3-BF4B-00C04F79EFBC}") = "MarketPlace.Services", "MarketPlace.Services\MarketPlace.Services.csproj", "{93ECC9D3-7DF7-4E54-B89D-7677B212C63B}"
EndProject
Project("{FAE04EC0-301F-11D3-BF4B-00C04F79EFBC}") = "MarketPlace.Common", "MarketPlace.Common\MarketPlace.Common.csproj", "{E4787504-4E53-49D6-A44C-8DF4171EAD48}"
EndProject
Project("{FAE04EC0-301F-11D3-BF4B-00C04F79EFBC}") = "MarketPlace.ViewModels", "MarketPlace.ViewModels\MarketPlace.ViewModels.csproj", "{82734F9A-A890-4FEE-84A7-DAEEF679FBDC}"
EndProject
Project("{FAE04EC0-301F-11D3-BF4B-00C04F79EFBC}") = "MarketPlace.UnitTests", "MarketPlace.UnitTests\MarketPlace.UnitTests.csproj", "{EF4A7B78-59CB-4825-ADF0-F438E1B785DF}"
EndProject
Project("{2150E333-8FDC-42A3-9474-1A3956D46DE8}") = "Tests", "Tests", "{6F4358E7-0FAD-4F0D-89FE-FC8D8D0B92B6}"
EndProject
Project("{2150E333-8FDC-42A3-9474-1A3956D46DE8}") = "Window Services", "Window Services", "{341AC89C-02A4-40B9-98E1-E7535F58642A}"
EndProject
Project("{FAE04EC0-301F-11D3-BF4B-00C04F79EFBC}") = "MarketPlace.Crawler.Daraz", "MarketPlace.Crawler.Daraz\MarketPlace.Crawler.Daraz.csproj", "{D7179017-F748-4093-9475-9D03084DD1F9}"
EndProject
Project("{54435603-DBB4-11D2-8724-00A0C9A8B90C}") = "MarketPlace.ServiceInstaller", "MarketPlace.ServiceInstaller\MarketPlace.ServiceInstaller.vdproj", "{3214FC6A-22E3-4CB2-ABA0-DF9DE00DB1D1}"
EndProject
Project("{2150E333-8FDC-42A3-9474-1A3956D46DE8}") = "Common", "Common", "{B3BED719-EAF8-4B28-A65C-EAFFC2D89EF6}"
EndProject
Global
	GlobalSection(SolutionConfigurationPlatforms) = preSolution
		Debug|Any CPU = Debug|Any CPU
		Release|Any CPU = Release|Any CPU
	EndGlobalSection
	GlobalSection(ProjectConfigurationPlatforms) = postSolution
		{933F94AC-DBDD-47A3-9645-A130194134C3}.Debug|Any CPU.ActiveCfg = Debug|Any CPU
		{933F94AC-DBDD-47A3-9645-A130194134C3}.Debug|Any CPU.Build.0 = Debug|Any CPU
		{933F94AC-DBDD-47A3-9645-A130194134C3}.Release|Any CPU.ActiveCfg = Release|Any CPU
		{933F94AC-DBDD-47A3-9645-A130194134C3}.Release|Any CPU.Build.0 = Release|Any CPU
		{A3C64C00-D82A-471D-B7C2-331AA0CD2185}.Debug|Any CPU.ActiveCfg = Debug|Any CPU
		{A3C64C00-D82A-471D-B7C2-331AA0CD2185}.Debug|Any CPU.Build.0 = Debug|Any CPU
		{A3C64C00-D82A-471D-B7C2-331AA0CD2185}.Release|Any CPU.ActiveCfg = Release|Any CPU
		{A3C64C00-D82A-471D-B7C2-331AA0CD2185}.Release|Any CPU.Build.0 = Release|Any CPU
		{6CFB94CA-E02A-48D1-ADCE-EB1DADE46763}.Debug|Any CPU.ActiveCfg = Debug|Any CPU
		{6CFB94CA-E02A-48D1-ADCE-EB1DADE46763}.Debug|Any CPU.Build.0 = Debug|Any CPU
		{6CFB94CA-E02A-48D1-ADCE-EB1DADE46763}.Release|Any CPU.ActiveCfg = Release|Any CPU
		{6CFB94CA-E02A-48D1-ADCE-EB1DADE46763}.Release|Any CPU.Build.0 = Release|Any CPU
		{93ECC9D3-7DF7-4E54-B89D-7677B212C63B}.Debug|Any CPU.ActiveCfg = Debug|Any CPU
		{93ECC9D3-7DF7-4E54-B89D-7677B212C63B}.Debug|Any CPU.Build.0 = Debug|Any CPU
		{93ECC9D3-7DF7-4E54-B89D-7677B212C63B}.Release|Any CPU.ActiveCfg = Release|Any CPU
		{93ECC9D3-7DF7-4E54-B89D-7677B212C63B}.Release|Any CPU.Build.0 = Release|Any CPU
		{E4787504-4E53-49D6-A44C-8DF4171EAD48}.Debug|Any CPU.ActiveCfg = Debug|Any CPU
		{E4787504-4E53-49D6-A44C-8DF4171EAD48}.Debug|Any CPU.Build.0 = Debug|Any CPU
		{E4787504-4E53-49D6-A44C-8DF4171EAD48}.Release|Any CPU.ActiveCfg = Release|Any CPU
		{E4787504-4E53-49D6-A44C-8DF4171EAD48}.Release|Any CPU.Build.0 = Release|Any CPU
		{82734F9A-A890-4FEE-84A7-DAEEF679FBDC}.Debug|Any CPU.ActiveCfg = Debug|Any CPU
		{82734F9A-A890-4FEE-84A7-DAEEF679FBDC}.Debug|Any CPU.Build.0 = Debug|Any CPU
		{82734F9A-A890-4FEE-84A7-DAEEF679FBDC}.Release|Any CPU.ActiveCfg = Release|Any CPU
		{82734F9A-A890-4FEE-84A7-DAEEF679FBDC}.Release|Any CPU.Build.0 = Release|Any CPU
		{EF4A7B78-59CB-4825-ADF0-F438E1B785DF}.Debug|Any CPU.ActiveCfg = Debug|Any CPU
		{EF4A7B78-59CB-4825-ADF0-F438E1B785DF}.Debug|Any CPU.Build.0 = Debug|Any CPU
		{EF4A7B78-59CB-4825-ADF0-F438E1B785DF}.Release|Any CPU.ActiveCfg = Release|Any CPU
		{EF4A7B78-59CB-4825-ADF0-F438E1B785DF}.Release|Any CPU.Build.0 = Release|Any CPU
		{D7179017-F748-4093-9475-9D03084DD1F9}.Debug|Any CPU.ActiveCfg = Debug|Any CPU
		{D7179017-F748-4093-9475-9D03084DD1F9}.Debug|Any CPU.Build.0 = Debug|Any CPU
		{D7179017-F748-4093-9475-9D03084DD1F9}.Release|Any CPU.ActiveCfg = Release|Any CPU
		{D7179017-F748-4093-9475-9D03084DD1F9}.Release|Any CPU.Build.0 = Release|Any CPU
		{3214FC6A-22E3-4CB2-ABA0-DF9DE00DB1D1}.Debug|Any CPU.ActiveCfg = Debug
		{3214FC6A-22E3-4CB2-ABA0-DF9DE00DB1D1}.Release|Any CPU.ActiveCfg = Release
	EndGlobalSection
	GlobalSection(SolutionProperties) = preSolution
		HideSolutionNode = FALSE
	EndGlobalSection
	GlobalSection(NestedProjects) = preSolution
		{E4787504-4E53-49D6-A44C-8DF4171EAD48} = {B3BED719-EAF8-4B28-A65C-EAFFC2D89EF6}
		{EF4A7B78-59CB-4825-ADF0-F438E1B785DF} = {6F4358E7-0FAD-4F0D-89FE-FC8D8D0B92B6}
		{D7179017-F748-4093-9475-9D03084DD1F9} = {341AC89C-02A4-40B9-98E1-E7535F58642A}
		{3214FC6A-22E3-4CB2-ABA0-DF9DE00DB1D1} = {341AC89C-02A4-40B9-98E1-E7535F58642A}
	EndGlobalSection
	GlobalSection(ExtensibilityGlobals) = postSolution
		SolutionGuid = {D51B70E7-C1D1-4307-8BF3-9E93EF8E6CE8}
	EndGlobalSection
EndGlobal
